// !$*UTF8*$!
{
	archiveVersion = 1;
	classes = {
	};
	objectVersion = 46;
	objects = {

/* Begin PBXBuildFile section */
		64BB7F411C8DFB78005627C4 /* main.m in Sources */ = {isa = PBXBuildFile; fileRef = 64BB7F401C8DFB78005627C4 /* main.m */; };
		64BB7F441C8DFB78005627C4 /* AppDelegate.m in Sources */ = {isa = PBXBuildFile; fileRef = 64BB7F431C8DFB78005627C4 /* AppDelegate.m */; };
		64BB7F471C8DFB78005627C4 /* ViewController.m in Sources */ = {isa = PBXBuildFile; fileRef = 64BB7F461C8DFB78005627C4 /* ViewController.m */; };
		64BB7F4A1C8DFB78005627C4 /* Main.storyboard in Resources */ = {isa = PBXBuildFile; fileRef = 64BB7F481C8DFB78005627C4 /* Main.storyboard */; };
		64BB7F4C1C8DFB79005627C4 /* Assets.xcassets in Resources */ = {isa = PBXBuildFile; fileRef = 64BB7F4B1C8DFB79005627C4 /* Assets.xcassets */; };
		64BB7F4F1C8DFB79005627C4 /* LaunchScreen.storyboard in Resources */ = {isa = PBXBuildFile; fileRef = 64BB7F4D1C8DFB79005627C4 /* LaunchScreen.storyboard */; };
		64BB7F581C8E1CE9005627C4 /* FactBook.m in Sources */ = {isa = PBXBuildFile; fileRef = 64BB7F571C8E1CE9005627C4 /* FactBook.m */; };
		64BB7F5B1C8E33D2005627C4 /* ColorWheel.m in Sources */ = {isa = PBXBuildFile; fileRef = 64BB7F5A1C8E33D2005627C4 /* ColorWheel.m */; };
		7B5618061CE3A6F400A12A57 /* Model.xcdatamodeld in Sources */ = {isa = PBXBuildFile; fileRef = 7B5618041CE3A6F400A12A57 /* Model.xcdatamodeld */; };
		7B56180B1CE3A72F00A12A57 /* Fact+CoreDataProperties.m in Sources */ = {isa = PBXBuildFile; fileRef = 7B5618081CE3A72F00A12A57 /* Fact+CoreDataProperties.m */; };
		7B56180C1CE3A72F00A12A57 /* Fact.m in Sources */ = {isa = PBXBuildFile; fileRef = 7B56180A1CE3A72F00A12A57 /* Fact.m */; };
/* End PBXBuildFile section */

/* Begin PBXFileReference section */
		64BB7F3C1C8DFB78005627C4 /* practice.app */ = {isa = PBXFileReference; explicitFileType = wrapper.application; includeInIndex = 0; path = practice.app; sourceTree = BUILT_PRODUCTS_DIR; };
		64BB7F401C8DFB78005627C4 /* main.m */ = {isa = PBXFileReference; lastKnownFileType = sourcecode.c.objc; path = main.m; sourceTree = "<group>"; };
		64BB7F421C8DFB78005627C4 /* AppDelegate.h */ = {isa = PBXFileReference; lastKnownFileType = sourcecode.c.h; path = AppDelegate.h; sourceTree = "<group>"; };
		64BB7F431C8DFB78005627C4 /* AppDelegate.m */ = {isa = PBXFileReference; lastKnownFileType = sourcecode.c.objc; path = AppDelegate.m; sourceTree = "<group>"; };
		64BB7F451C8DFB78005627C4 /* ViewController.h */ = {isa = PBXFileReference; lastKnownFileType = sourcecode.c.h; path = ViewController.h; sourceTree = "<group>"; };
		64BB7F461C8DFB78005627C4 /* ViewController.m */ = {isa = PBXFileReference; lastKnownFileType = sourcecode.c.objc; path = ViewController.m; sourceTree = "<group>"; };
		64BB7F491C8DFB78005627C4 /* Base */ = {isa = PBXFileReference; lastKnownFileType = file.storyboard; name = Base; path = Base.lproj/Main.storyboard; sourceTree = "<group>"; };
		64BB7F4B1C8DFB79005627C4 /* Assets.xcassets */ = {isa = PBXFileReference; lastKnownFileType = folder.assetcatalog; path = Assets.xcassets; sourceTree = "<group>"; };
		64BB7F4E1C8DFB79005627C4 /* Base */ = {isa = PBXFileReference; lastKnownFileType = file.storyboard; name = Base; path = Base.lproj/LaunchScreen.storyboard; sourceTree = "<group>"; };
		64BB7F501C8DFB79005627C4 /* Info.plist */ = {isa = PBXFileReference; lastKnownFileType = text.plist.xml; path = Info.plist; sourceTree = "<group>"; };
		64BB7F561C8E1CE9005627C4 /* FactBook.h */ = {isa = PBXFileReference; fileEncoding = 4; lastKnownFileType = sourcecode.c.h; path = FactBook.h; sourceTree = "<group>"; };
		64BB7F571C8E1CE9005627C4 /* FactBook.m */ = {isa = PBXFileReference; fileEncoding = 4; lastKnownFileType = sourcecode.c.objc; path = FactBook.m; sourceTree = "<group>"; };
		64BB7F591C8E33D2005627C4 /* ColorWheel.h */ = {isa = PBXFileReference; fileEncoding = 4; lastKnownFileType = sourcecode.c.h; path = ColorWheel.h; sourceTree = "<group>"; };
		64BB7F5A1C8E33D2005627C4 /* ColorWheel.m */ = {isa = PBXFileReference; fileEncoding = 4; lastKnownFileType = sourcecode.c.objc; path = ColorWheel.m; sourceTree = "<group>"; };
		7B5618051CE3A6F400A12A57 /* Model.xcdatamodel */ = {isa = PBXFileReference; lastKnownFileType = wrapper.xcdatamodel; path = Model.xcdatamodel; sourceTree = "<group>"; };
		7B5618071CE3A72F00A12A57 /* Fact+CoreDataProperties.h */ = {isa = PBXFileReference; fileEncoding = 4; lastKnownFileType = sourcecode.c.h; path = "Fact+CoreDataProperties.h"; sourceTree = "<group>"; };
		7B5618081CE3A72F00A12A57 /* Fact+CoreDataProperties.m */ = {isa = PBXFileReference; fileEncoding = 4; lastKnownFileType = sourcecode.c.objc; path = "Fact+CoreDataProperties.m"; sourceTree = "<group>"; };
		7B5618091CE3A72F00A12A57 /* Fact.h */ = {isa = PBXFileReference; fileEncoding = 4; lastKnownFileType = sourcecode.c.h; path = Fact.h; sourceTree = "<group>"; };
		7B56180A1CE3A72F00A12A57 /* Fact.m */ = {isa = PBXFileReference; fileEncoding = 4; lastKnownFileType = sourcecode.c.objc; path = Fact.m; sourceTree = "<group>"; };
/* End PBXFileReference section */

/* Begin PBXFrameworksBuildPhase section */
		64BB7F391C8DFB78005627C4 /* Frameworks */ = {
			isa = PBXFrameworksBuildPhase;
			buildActionMask = 2147483647;
			files = (
			);
			runOnlyForDeploymentPostprocessing = 0;
		};
/* End PBXFrameworksBuildPhase section */

/* Begin PBXGroup section */
		64BB7F331C8DFB78005627C4 = {
			isa = PBXGroup;
			children = (
				7B5618071CE3A72F00A12A57 /* Fact+CoreDataProperties.h */,
				7B5618081CE3A72F00A12A57 /* Fact+CoreDataProperties.m */,
				7B5618091CE3A72F00A12A57 /* Fact.h */,
				7B56180A1CE3A72F00A12A57 /* Fact.m */,
				64BB7F3E1C8DFB78005627C4 /* practice */,
				64BB7F3D1C8DFB78005627C4 /* Products */,
			);
			sourceTree = "<group>";
		};
		64BB7F3D1C8DFB78005627C4 /* Products */ = {
			isa = PBXGroup;
			children = (
				64BB7F3C1C8DFB78005627C4 /* practice.app */,
			);
			name = Products;
			sourceTree = "<group>";
		};
		64BB7F3E1C8DFB78005627C4 /* practice */ = {
			isa = PBXGroup;
			children = (
				64BB7F421C8DFB78005627C4 /* AppDelegate.h */,
				64BB7F431C8DFB78005627C4 /* AppDelegate.m */,
				7B5973C01CE2FE21001A7F28 /* Controller */,
				7B5973BF1CE2FE13001A7F28 /* model */,
				7B5973C11CE2FE2E001A7F28 /* view */,
				64BB7F481C8DFB78005627C4 /* Main.storyboard */,
				64BB7F4B1C8DFB79005627C4 /* Assets.xcassets */,
				64BB7F4D1C8DFB79005627C4 /* LaunchScreen.storyboard */,
				64BB7F501C8DFB79005627C4 /* Info.plist */,
				64BB7F3F1C8DFB78005627C4 /* Supporting Files */,
			);
			path = practice;
			sourceTree = "<group>";
		};
		64BB7F3F1C8DFB78005627C4 /* Supporting Files */ = {
			isa = PBXGroup;
			children = (
				64BB7F401C8DFB78005627C4 /* main.m */,
			);
			name = "Supporting Files";
			sourceTree = "<group>";
		};
		7B5973BF1CE2FE13001A7F28 /* model */ = {
			isa = PBXGroup;
			children = (
				64BB7F591C8E33D2005627C4 /* ColorWheel.h */,
				64BB7F571C8E1CE9005627C4 /* FactBook.m */,
				64BB7F5A1C8E33D2005627C4 /* ColorWheel.m */,
				64BB7F561C8E1CE9005627C4 /* FactBook.h */,
			);
			name = model;
			sourceTree = "<group>";
		};
		7B5973C01CE2FE21001A7F28 /* Controller */ = {
			isa = PBXGroup;
			children = (
				64BB7F451C8DFB78005627C4 /* ViewController.h */,
				64BB7F461C8DFB78005627C4 /* ViewController.m */,
				7B5618041CE3A6F400A12A57 /* Model.xcdatamodeld */,
			);
			name = Controller;
			sourceTree = "<group>";
		};
		7B5973C11CE2FE2E001A7F28 /* view */ = {
			isa = PBXGroup;
			children = (
			);
			name = view;
			sourceTree = "<group>";
		};
/* End PBXGroup section */

/* Begin PBXNativeTarget section */
		64BB7F3B1C8DFB78005627C4 /* practice */ = {
			isa = PBXNativeTarget;
			buildConfigurationList = 64BB7F531C8DFB79005627C4 /* Build configuration list for PBXNativeTarget "practice" */;
			buildPhases = (
				64BB7F381C8DFB78005627C4 /* Sources */,
				64BB7F391C8DFB78005627C4 /* Frameworks */,
				64BB7F3A1C8DFB78005627C4 /* Resources */,
			);
			buildRules = (
			);
			dependencies = (
			);
			name = practice;
			productName = practice;
			productReference = 64BB7F3C1C8DFB78005627C4 /* practice.app */;
			productType = "com.apple.product-type.application";
		};
/* End PBXNativeTarget section */

/* Begin PBXProject section */
		64BB7F341C8DFB78005627C4 /* Project object */ = {
			isa = PBXProject;
			attributes = {
				LastUpgradeCheck = 0720;
				ORGANIZATIONNAME = "alexandra blumenfeld";
				TargetAttributes = {
					64BB7F3B1C8DFB78005627C4 = {
						CreatedOnToolsVersion = 7.2.1;
						DevelopmentTeam = ULU46F325W;
					};
				};
			};
			buildConfigurationList = 64BB7F371C8DFB78005627C4 /* Build configuration list for PBXProject "practice" */;
			compatibilityVersion = "Xcode 3.2";
			developmentRegion = English;
			hasScannedForEncodings = 0;
			knownRegions = (
				en,
				Base,
			);
			mainGroup = 64BB7F331C8DFB78005627C4;
			productRefGroup = 64BB7F3D1C8DFB78005627C4 /* Products */;
			projectDirPath = "";
			projectRoot = "";
			targets = (
				64BB7F3B1C8DFB78005627C4 /* practice */,
			);
		};
/* End PBXProject section */

/* Begin PBXResourcesBuildPhase section */
		64BB7F3A1C8DFB78005627C4 /* Resources */ = {
			isa = PBXResourcesBuildPhase;
			buildActionMask = 2147483647;
			files = (
				64BB7F4F1C8DFB79005627C4 /* LaunchScreen.storyboard in Resources */,
				64BB7F4C1C8DFB79005627C4 /* Assets.xcassets in Resources */,
				64BB7F4A1C8DFB78005627C4 /* Main.storyboard in Resources */,
			);
			runOnlyForDeploymentPostprocessing = 0;
		};
/* End PBXResourcesBuildPhase section */

/* Begin PBXSourcesBuildPhase section */
		64BB7F381C8DFB78005627C4 /* Sources */ = {
			isa = PBXSourcesBuildPhase;
			buildActionMask = 2147483647;
			files = (
				64BB7F471C8DFB78005627C4 /* ViewController.m in Sources */,
				7B56180B1CE3A72F00A12A57 /* Fact+CoreDataProperties.m in Sources */,
				64BB7F441C8DFB78005627C4 /* AppDelegate.m in Sources */,
				64BB7F581C8E1CE9005627C4 /* FactBook.m in Sources */,
				64BB7F411C8DFB78005627C4 /* main.m in Sources */,
				64BB7F5B1C8E33D2005627C4 /* ColorWheel.m in Sources */,
				7B5618061CE3A6F400A12A57 /* Model.xcdatamodeld in Sources */,
				7B56180C1CE3A72F00A12A57 /* Fact.m in Sources */,
			);
			runOnlyForDeploymentPostprocessing = 0;
		};
/* End PBXSourcesBuildPhase section */

/* Begin PBXVariantGroup section */
		64BB7F481C8DFB78005627C4 /* Main.storyboard */ = {
			isa = PBXVariantGroup;
			children = (
				64BB7F491C8DFB78005627C4 /* Base */,
			);
			name = Main.storyboard;
			sourceTree = "<group>";
		};
		64BB7F4D1C8DFB79005627C4 /* LaunchScreen.storyboard */ = {
			isa = PBXVariantGroup;
			children = (
				64BB7F4E1C8DFB79005627C4 /* Base */,
			);
			name = LaunchScreen.storyboard;
			sourceTree = "<group>";
		};
/* End PBXVariantGroup section */

/* Begin XCBuildConfiguration section */
		64BB7F511C8DFB79005627C4 /* Debug */ = {
			isa = XCBuildConfiguration;
			buildSettings = {
				ALWAYS_SEARCH_USER_PATHS = NO;
				CLANG_CXX_LANGUAGE_STANDARD = "gnu++0x";
				CLANG_CXX_LIBRARY = "libc++";
				CLANG_ENABLE_MODULES = YES;
				CLANG_ENABLE_OBJC_ARC = YES;
				CLANG_WARN_BOOL_CONVERSION = YES;
				CLANG_WARN_CONSTANT_CONVERSION = YES;
				CLANG_WARN_DIRECT_OBJC_ISA_USAGE = YES_ERROR;
				CLANG_WARN_EMPTY_BODY = YES;
				CLANG_WARN_ENUM_CONVERSION = YES;
				CLANG_WARN_INT_CONVERSION = YES;
				CLANG_WARN_OBJC_ROOT_CLASS = YES_ERROR;
				CLANG_WARN_UNREACHABLE_CODE = YES;
				CLANG_WARN__DUPLICATE_METHOD_MATCH = YES;
				"CODE_SIGN_IDENTITY[sdk=iphoneos*]" = "iPhone Developer";
				COPY_PHASE_STRIP = NO;
				DEBUG_INFORMATION_FORMAT = dwarf;
				ENABLE_STRICT_OBJC_MSGSEND = YES;
				ENABLE_TESTABILITY = YES;
				GCC_C_LANGUAGE_STANDARD = gnu99;
				GCC_DYNAMIC_NO_PIC = NO;
				GCC_NO_COMMON_BLOCKS = YES;
				GCC_OPTIMIZATION_LEVEL = 0;
				GCC_PREPROCESSOR_DEFINITIONS = (
					"DEBUG=1",
					"$(inherited)",
				);
				GCC_WARN_64_TO_32_BIT_CONVERSION = YES;
				GCC_WARN_ABOUT_RETURN_TYPE = YES_ERROR;
				GCC_WARN_UNDECLARED_SELECTOR = YES;
				GCC_WARN_UNINITIALIZED_AUTOS = YES_AGGRESSIVE;
				GCC_WARN_UNUSED_FUNCTION = YES;
				GCC_WARN_UNUSED_VARIABLE = YES;
				IPHONEOS_DEPLOYMENT_TARGET = 9.2;
				MTL_ENABLE_DEBUG_INFO = YES;
				ONLY_ACTIVE_ARCH = YES;
				SDKROOT = iphoneos;
				TARGETED_DEVICE_FAMILY = "1,2";
			};
			name = Debug;
		};
		64BB7F521C8DFB79005627C4 /* Release */ = {
			isa = XCBuildConfiguration;
			buildSettings = {
				ALWAYS_SEARCH_USER_PATHS = NO;
				CLANG_CXX_LANGUAGE_STANDARD = "gnu++0x";
				CLANG_CXX_LIBRARY = "libc++";
				CLANG_ENABLE_MODULES = YES;
				CLANG_ENABLE_OBJC_ARC = YES;
				CLANG_WARN_BOOL_CONVERSION = YES;
				CLANG_WARN_CONSTANT_CONVERSION = YES;
				CLANG_WARN_DIRECT_OBJC_ISA_USAGE = YES_ERROR;
				CLANG_WARN_EMPTY_BODY = YES;
				CLANG_WARN_ENUM_CONVERSION = YES;
				CLANG_WARN_INT_CONVERSION = YES;
				CLANG_WARN_OBJC_ROOT_CLASS = YES_ERROR;
				CLANG_WARN_UNREACHABLE_CODE = YES;
				CLANG_WARN__DUPLICATE_METHOD_MATCH = YES;
				"CODE_SIGN_IDENTITY[sdk=iphoneos*]" = "iPhone Developer";
				COPY_PHASE_STRIP = NO;
				DEBUG_INFORMATION_FORMAT = "dwarf-with-dsym";
				ENABLE_NS_ASSERTIONS = NO;
				ENABLE_STRICT_OBJC_MSGSEND = YES;
				GCC_C_LANGUAGE_STANDARD = gnu99;
				GCC_NO_COMMON_BLOCKS = YES;
				GCC_WARN_64_TO_32_BIT_CONVERSION = YES;
				GCC_WARN_ABOUT_RETURN_TYPE = YES_ERROR;
				GCC_WARN_UNDECLARED_SELECTOR = YES;
				GCC_WARN_UNINITIALIZED_AUTOS = YES_AGGRESSIVE;
				GCC_WARN_UNUSED_FUNCTION = YES;
				GCC_WARN_UNUSED_VARIABLE = YES;
				IPHONEOS_DEPLOYMENT_TARGET = 9.2;
				MTL_ENABLE_DEBUG_INFO = NO;
				SDKROOT = iphoneos;
				TARGETED_DEVICE_FAMILY = "1,2";
				VALIDATE_PRODUCT = YES;
			};
			name = Release;
		};
		64BB7F541C8DFB79005627C4 /* Debug */ = {
			isa = XCBuildConfiguration;
			buildSettings = {
				ASSETCATALOG_COMPILER_APPICON_NAME = AppIcon;
				CODE_SIGN_IDENTITY = "iPhone Developer";
				"CODE_SIGN_IDENTITY[sdk=iphoneos*]" = "iPhone Developer";
				INFOPLIST_FILE = practice/Info.plist;
				IPHONEOS_DEPLOYMENT_TARGET = 9.0;
				LD_RUNPATH_SEARCH_PATHS = "$(inherited) @executable_path/Frameworks";
				PRODUCT_BUNDLE_IDENTIFIER = com.download.practice;
				PRODUCT_NAME = "$(TARGET_NAME)";
				PROVISIONING_PROFILE = "";
				TARGETED_DEVICE_FAMILY = 1;
			};
			name = Debug;
		};
		64BB7F551C8DFB79005627C4 /* Release */ = {
			isa = XCBuildConfiguration;
			buildSettings = {
				ASSETCATALOG_COMPILER_APPICON_NAME = AppIcon;
				CODE_SIGN_IDENTITY = "iPhone Developer";
				"CODE_SIGN_IDENTITY[sdk=iphoneos*]" = "iPhone Developer";
				INFOPLIST_FILE = practice/Info.plist;
				IPHONEOS_DEPLOYMENT_TARGET = 9.0;
				LD_RUNPATH_SEARCH_PATHS = "$(inherited) @executable_path/Frameworks";
				PRODUCT_BUNDLE_IDENTIFIER = com.download.practice;
				PRODUCT_NAME = "$(TARGET_NAME)";
				PROVISIONING_PROFILE = "";
				TARGETED_DEVICE_FAMILY = 1;
			};
			name = Release;
		};
/* End XCBuildConfiguration section */

/* Begin XCConfigurationList section */
		64BB7F371C8DFB78005627C4 /* Build configuration list for PBXProject "practice" */ = {
			isa = XCConfigurationList;
			buildConfigurations = (
				64BB7F511C8DFB79005627C4 /* Debug */,
				64BB7F521C8DFB79005627C4 /* Release */,
			);
			defaultConfigurationIsVisible = 0;
			defaultConfigurationName = Release;
		};
		64BB7F531C8DFB79005627C4 /* Build configuration list for PBXNativeTarget "practice" */ = {
			isa = XCConfigurationList;
			buildConfigurations = (
				64BB7F541C8DFB79005627C4 /* Debug */,
				64BB7F551C8DFB79005627C4 /* Release */,
			);
			defaultConfigurationIsVisible = 0;
			defaultConfigurationName = Release;
		};
/* End XCConfigurationList section */

/* Begin XCVersionGroup section */
		7B5618041CE3A6F400A12A57 /* Model.xcdatamodeld */ = {
			isa = XCVersionGroup;
			children = (
				7B5618051CE3A6F400A12A57 /* Model.xcdatamodel */,
			);
			currentVersion = 7B5618051CE3A6F400A12A57 /* Model.xcdatamodel */;
			path = Model.xcdatamodeld;
			sourceTree = "<group>";
			versionGroupType = wrapper.xcdatamodel;
		};
/* End XCVersionGroup section */
	};
	rootObject = 64BB7F341C8DFB78005627C4 /* Project object */;
}
